
Microsoft Visual Studio Solution File, Format Version 12.00
# Visual Studio Version 16
VisualStudioVersion = 16.0.808.3
MinimumVisualStudioVersion = 10.0.40219.1
Project("{FAE04EC0-301F-11D3-BF4B-00C04F79EFBC}") = "GSPH", "Gelfond-Silver-Pohlig-Hellman\GSPH.csproj", "{9377A58A-A4BC-4AC2-8D6E-859C14D3575D}"
EndProject
Project("{FAE04EC0-301F-11D3-BF4B-00C04F79EFBC}") = "Tests", "Tests\Tests.csproj", "{5F71867E-F47A-41B2-8EE2-BCA0C170706D}"
EndProject
Global
	GlobalSection(SolutionConfigurationPlatforms) = preSolution
		Debug|Any CPU = Debug|Any CPU
		Release|Any CPU = Release|Any CPU
	EndGlobalSection
	GlobalSection(ProjectConfigurationPlatforms) = postSolution
		{9377A58A-A4BC-4AC2-8D6E-859C14D3575D}.Debug|Any CPU.ActiveCfg = Debug|Any CPU
		{9377A58A-A4BC-4AC2-8D6E-859C14D3575D}.Debug|Any CPU.Build.0 = Debug|Any CPU
		{9377A58A-A4BC-4AC2-8D6E-859C14D3575D}.Release|Any CPU.ActiveCfg = Release|Any CPU
		{9377A58A-A4BC-4AC2-8D6E-859C14D3575D}.Release|Any CPU.Build.0 = Release|Any CPU
		{5F71867E-F47A-41B2-8EE2-BCA0C170706D}.Debug|Any CPU.ActiveCfg = Debug|Any CPU
		{5F71867E-F47A-41B2-8EE2-BCA0C170706D}.Debug|Any CPU.Build.0 = Debug|Any CPU
		{5F71867E-F47A-41B2-8EE2-BCA0C170706D}.Release|Any CPU.ActiveCfg = Release|Any CPU
		{5F71867E-F47A-41B2-8EE2-BCA0C170706D}.Release|Any CPU.Build.0 = Release|Any CPU
	EndGlobalSection
	GlobalSection(SolutionProperties) = preSolution
		HideSolutionNode = FALSE
	EndGlobalSection
	GlobalSection(ExtensibilityGlobals) = postSolution
		SolutionGuid = {38F28FB4-6DFA-4279-82FA-D91B9143E26A}
	EndGlobalSection
EndGlobal
